// !$*UTF8*$!
{
	archiveVersion = 1;
	classes = {
	};
	objectVersion = 77;
	objects = {

/* Begin PBXBuildFile section */
		166DEDC82E2CC46000619019 /* RealityKitContent in Frameworks */ = {isa = PBXBuildFile; productRef = 166DEDC72E2CC46000619019 /* RealityKitContent */; };
/* End PBXBuildFile section */

/* Begin PBXContainerItemProxy section */
		166DEDDF2E2CC46200619019 /* PBXContainerItemProxy */ = {
			isa = PBXContainerItemProxy;
			containerPortal = 166DEDBA2E2CC46000619019 /* Project object */;
			proxyType = 1;
			remoteGlobalIDString = 166DEDC12E2CC46000619019;
			remoteInfo = EtherealJellyfish;
		};
/* End PBXContainerItemProxy section */

/* Begin PBXFileReference section */
		166DEDC22E2CC46000619019 /* EtherealJellyfish.app */ = {isa = PBXFileReference; explicitFileType = wrapper.application; includeInIndex = 0; path = EtherealJellyfish.app; sourceTree = BUILT_PRODUCTS_DIR; };
		166DEDC62E2CC46000619019 /* RealityKitContent */ = {isa = PBXFileReference; lastKnownFileType = wrapper; path = RealityKitContent; sourceTree = "<group>"; };
		166DEDDE2E2CC46200619019 /* EtherealJellyfishTests.xctest */ = {isa = PBXFileReference; explicitFileType = wrapper.cfbundle; includeInIndex = 0; path = EtherealJellyfishTests.xctest; sourceTree = BUILT_PRODUCTS_DIR; };
/* End PBXFileReference section */

/* Begin PBXFileSystemSynchronizedBuildFileExceptionSet section */
		166DEDE42E2CC46200619019 /* Exceptions for "EtherealJellyfish" folder in "EtherealJellyfish" target */ = {
			isa = PBXFileSystemSynchronizedBuildFileExceptionSet;
			membershipExceptions = (
				Info.plist,
			);
			target = 166DEDC12E2CC46000619019 /* EtherealJellyfish */;
		};
/* End PBXFileSystemSynchronizedBuildFileExceptionSet section */

/* Begin PBXFileSystemSynchronizedRootGroup section */
		166DEDC42E2CC46000619019 /* EtherealJellyfish */ = {
			isa = PBXFileSystemSynchronizedRootGroup;
			exceptions = (
				166DEDE42E2CC46200619019 /* Exceptions for "EtherealJellyfish" folder in "EtherealJellyfish" target */,
			);
			path = EtherealJellyfish;
			sourceTree = "<group>";
		};
		166DEDE12E2CC46200619019 /* EtherealJellyfishTests */ = {
			isa = PBXFileSystemSynchronizedRootGroup;
			path = EtherealJellyfishTests;
			sourceTree = "<group>";
		};
/* End PBXFileSystemSynchronizedRootGroup section */

/* Begin PBXFrameworksBuildPhase section */
		166DEDBF2E2CC46000619019 /* Frameworks */ = {
			isa = PBXFrameworksBuildPhase;
			buildActionMask = 2147483647;
			files = (
				166DEDC82E2CC46000619019 /* RealityKitContent in Frameworks */,
			);
			runOnlyForDeploymentPostprocessing = 0;
		};
		166DEDDB2E2CC46200619019 /* Frameworks */ = {
			isa = PBXFrameworksBuildPhase;
			buildActionMask = 2147483647;
			files = (
			);
			runOnlyForDeploymentPostprocessing = 0;
		};
/* End PBXFrameworksBuildPhase section */

/* Begin PBXGroup section */
		166DEDB92E2CC46000619019 = {
			isa = PBXGroup;
			children = (
				166DEDC42E2CC46000619019 /* EtherealJellyfish */,
				166DEDC52E2CC46000619019 /* Packages */,
				166DEDE12E2CC46200619019 /* EtherealJellyfishTests */,
				166DEDC32E2CC46000619019 /* Products */,
			);
			sourceTree = "<group>";
		};
		166DEDC32E2CC46000619019 /* Products */ = {
			isa = PBXGroup;
			children = (
				166DEDC22E2CC46000619019 /* EtherealJellyfish.app */,
				166DEDDE2E2CC46200619019 /* EtherealJellyfishTests.xctest */,
			);
			name = Products;
			sourceTree = "<group>";
		};
		166DEDC52E2CC46000619019 /* Packages */ = {
			isa = PBXGroup;
			children = (
				166DEDC62E2CC46000619019 /* RealityKitContent */,
			);
			path = Packages;
			sourceTree = "<group>";
		};
/* End PBXGroup section */

/* Begin PBXNativeTarget section */
		166DEDC12E2CC46000619019 /* EtherealJellyfish */ = {
			isa = PBXNativeTarget;
			buildConfigurationList = 166DEDE52E2CC46200619019 /* Build configuration list for PBXNativeTarget "EtherealJellyfish" */;
			buildPhases = (
				166DEDBE2E2CC46000619019 /* Sources */,
				166DEDBF2E2CC46000619019 /* Frameworks */,
				166DEDC02E2CC46000619019 /* Resources */,
			);
			buildRules = (
			);
			dependencies = (
			);
			fileSystemSynchronizedGroups = (
				166DEDC42E2CC46000619019 /* EtherealJellyfish */,
			);
			name = EtherealJellyfish;
			packageProductDependencies = (
				166DEDC72E2CC46000619019 /* RealityKitContent */,
			);
			productName = EtherealJellyfish;
			productReference = 166DEDC22E2CC46000619019 /* EtherealJellyfish.app */;
			productType = "com.apple.product-type.application";
		};
		166DEDDD2E2CC46200619019 /* EtherealJellyfishTests */ = {
			isa = PBXNativeTarget;
			buildConfigurationList = 166DEDEA2E2CC46200619019 /* Build configuration list for PBXNativeTarget "EtherealJellyfishTests" */;
			buildPhases = (
				166DEDDA2E2CC46200619019 /* Sources */,
				166DEDDB2E2CC46200619019 /* Frameworks */,
				166DEDDC2E2CC46200619019 /* Resources */,
			);
			buildRules = (
			);
			dependencies = (
				166DEDE02E2CC46200619019 /* PBXTargetDependency */,
			);
			fileSystemSynchronizedGroups = (
				166DEDE12E2CC46200619019 /* EtherealJellyfishTests */,
			);
			name = EtherealJellyfishTests;
			packageProductDependencies = (
			);
			productName = EtherealJellyfishTests;
			productReference = 166DEDDE2E2CC46200619019 /* EtherealJellyfishTests.xctest */;
			productType = "com.apple.product-type.bundle.unit-test";
		};
/* End PBXNativeTarget section */

/* Begin PBXProject section */
		166DEDBA2E2CC46000619019 /* Project object */ = {
			isa = PBXProject;
			attributes = {
				BuildIndependentTargetsInParallel = 1;
				LastSwiftUpdateCheck = 1640;
				LastUpgradeCheck = 1640;
				TargetAttributes = {
					166DEDC12E2CC46000619019 = {
						CreatedOnToolsVersion = 16.4;
					};
					166DEDDD2E2CC46200619019 = {
						CreatedOnToolsVersion = 16.4;
						TestTargetID = 166DEDC12E2CC46000619019;
					};
				};
			};
			buildConfigurationList = 166DEDBD2E2CC46000619019 /* Build configuration list for PBXProject "EtherealJellyfish" */;
			developmentRegion = en;
			hasScannedForEncodings = 0;
			knownRegions = (
				en,
				Base,
			);
			mainGroup = 166DEDB92E2CC46000619019;
			minimizedProjectReferenceProxies = 1;
			preferredProjectObjectVersion = 77;
			productRefGroup = 166DEDC32E2CC46000619019 /* Products */;
			projectDirPath = "";
			projectRoot = "";
			targets = (
				166DEDC12E2CC46000619019 /* EtherealJellyfish */,
				166DEDDD2E2CC46200619019 /* EtherealJellyfishTests */,
			);
		};
/* End PBXProject section */

/* Begin PBXResourcesBuildPhase section */
		166DEDC02E2CC46000619019 /* Resources */ = {
			isa = PBXResourcesBuildPhase;
			buildActionMask = 2147483647;
			files = (
			);
			runOnlyForDeploymentPostprocessing = 0;
		};
		166DEDDC2E2CC46200619019 /* Resources */ = {
			isa = PBXResourcesBuildPhase;
			buildActionMask = 2147483647;
			files = (
			);
			runOnlyForDeploymentPostprocessing = 0;
		};
/* End PBXResourcesBuildPhase section */

/* Begin PBXSourcesBuildPhase section */
		166DEDBE2E2CC46000619019 /* Sources */ = {
			isa = PBXSourcesBuildPhase;
			buildActionMask = 2147483647;
			files = (
			);
			runOnlyForDeploymentPostprocessing = 0;
		};
		166DEDDA2E2CC46200619019 /* Sources */ = {
			isa = PBXSourcesBuildPhase;
			buildActionMask = 2147483647;
			files = (
			);
			runOnlyForDeploymentPostprocessing = 0;
		};
/* End PBXSourcesBuildPhase section */

/* Begin PBXTargetDependency section */
		166DEDE02E2CC46200619019 /* PBXTargetDependency */ = {
			isa = PBXTargetDependency;
			target = 166DEDC12E2CC46000619019 /* EtherealJellyfish */;
			targetProxy = 166DEDDF2E2CC46200619019 /* PBXContainerItemProxy */;
		};
/* End PBXTargetDependency section */

/* Begin XCBuildConfiguration section */
		166DEDE62E2CC46200619019 /* Debug */ = {
			isa = XCBuildConfiguration;
			buildSettings = {
				ASSETCATALOG_COMPILER_APPICON_NAME = AppIcon;
				ASSETCATALOG_COMPILER_GLOBAL_ACCENT_COLOR_NAME = AccentColor;
				CODE_SIGN_STYLE = Automatic;
				CURRENT_PROJECT_VERSION = 1;
				DEVELOPMENT_TEAM = WMJFN63S5Y;
				ENABLE_PREVIEWS = YES;
				GENERATE_INFOPLIST_FILE = YES;
				INFOPLIST_FILE = "$(TARGET_NAME)/Info.plist";
				LD_RUNPATH_SEARCH_PATHS = (
					"$(inherited)",
					"@executable_path/Frameworks",
				);
				MARKETING_VERSION = 1.0;
				PRODUCT_BUNDLE_IDENTIFIER = com.kagiyama.myhobbyapp.EtherealJellyfish;
				PRODUCT_NAME = "$(TARGET_NAME)";
				SUPPORTED_PLATFORMS = "xros xrsimulator";
				SWIFT_EMIT_LOC_STRINGS = YES;
				SWIFT_VERSION = 5.0;
				TARGETED_DEVICE_FAMILY = 7;
			};
			name = Debug;
		};
		166DEDE72E2CC46200619019 /* Release */ = {
			isa = XCBuildConfiguration;
			buildSettings = {
				ASSETCATALOG_COMPILER_APPICON_NAME = AppIcon;
				ASSETCATALOG_COMPILER_GLOBAL_ACCENT_COLOR_NAME = AccentColor;
				CODE_SIGN_STYLE = Automatic;
				CURRENT_PROJECT_VERSION = 1;
				DEVELOPMENT_TEAM = WMJFN63S5Y;
				ENABLE_PREVIEWS = YES;
				GENERATE_INFOPLIST_FILE = YES;
				INFOPLIST_FILE = "$(TARGET_NAME)/Info.plist";
				LD_RUNPATH_SEARCH_PATHS = (
					"$(inherited)",
					"@executable_path/Frameworks",
				);
				MARKETING_VERSION = 1.0;
				PRODUCT_BUNDLE_IDENTIFIER = com.kagiyama.myhobbyapp.EtherealJellyfish;
				PRODUCT_NAME = "$(TARGET_NAME)";
				SUPPORTED_PLATFORMS = "xros xrsimulator";
				SWIFT_EMIT_LOC_STRINGS = YES;
				SWIFT_VERSION = 5.0;
				TARGETED_DEVICE_FAMILY = 7;
			};
			name = Release;
		};
		166DEDE82E2CC46200619019 /* Debug */ = {
			isa = XCBuildConfiguration;
			buildSettings = {
				ALWAYS_SEARCH_USER_PATHS = NO;
				ASSETCATALOG_COMPILER_GENERATE_SWIFT_ASSET_SYMBOL_EXTENSIONS = YES;
				CLANG_ANALYZER_NONNULL = YES;
				CLANG_ANALYZER_NUMBER_OBJECT_CONVERSION = YES_AGGRESSIVE;
				CLANG_CXX_LANGUAGE_STANDARD = "gnu++20";
				CLANG_ENABLE_MODULES = YES;
				CLANG_ENABLE_OBJC_ARC = YES;
				CLANG_ENABLE_OBJC_WEAK = YES;
				CLANG_WARN_BLOCK_CAPTURE_AUTORELEASING = YES;
				CLANG_WARN_BOOL_CONVERSION = YES;
				CLANG_WARN_COMMA = YES;
				CLANG_WARN_CONSTANT_CONVERSION = YES;
				CLANG_WARN_DEPRECATED_OBJC_IMPLEMENTATIONS = YES;
				CLANG_WARN_DIRECT_OBJC_ISA_USAGE = YES_ERROR;
				CLANG_WARN_DOCUMENTATION_COMMENTS = YES;
				CLANG_WARN_EMPTY_BODY = YES;
				CLANG_WARN_ENUM_CONVERSION = YES;
				CLANG_WARN_INFINITE_RECURSION = YES;
				CLANG_WARN_INT_CONVERSION = YES;
				CLANG_WARN_NON_LITERAL_NULL_CONVERSION = YES;
				CLANG_WARN_OBJC_IMPLICIT_RETAIN_SELF = YES;
				CLANG_WARN_OBJC_LITERAL_CONVERSION = YES;
				CLANG_WARN_OBJC_ROOT_CLASS = YES_ERROR;
				CLANG_WARN_QUOTED_INCLUDE_IN_FRAMEWORK_HEADER = YES;
				CLANG_WARN_RANGE_LOOP_ANALYSIS = YES;
				CLANG_WARN_STRICT_PROTOTYPES = YES;
				CLANG_WARN_SUSPICIOUS_MOVE = YES;
				CLANG_WARN_UNGUARDED_AVAILABILITY = YES_AGGRESSIVE;
				CLANG_WARN_UNREACHABLE_CODE = YES;
				CLANG_WARN__DUPLICATE_METHOD_MATCH = YES;
				COPY_PHASE_STRIP = NO;
				DEBUG_INFORMATION_FORMAT = dwarf;
				DEVELOPMENT_TEAM = WMJFN63S5Y;
				ENABLE_STRICT_OBJC_MSGSEND = YES;
				ENABLE_TESTABILITY = YES;
				ENABLE_USER_SCRIPT_SANDBOXING = YES;
				GCC_C_LANGUAGE_STANDARD = gnu17;
				GCC_DYNAMIC_NO_PIC = NO;
				GCC_NO_COMMON_BLOCKS = YES;
				GCC_OPTIMIZATION_LEVEL = 0;
				GCC_PREPROCESSOR_DEFINITIONS = (
					"DEBUG=1",
					"$(inherited)",
				);
				GCC_WARN_64_TO_32_BIT_CONVERSION = YES;
				GCC_WARN_ABOUT_RETURN_TYPE = YES_ERROR;
				GCC_WARN_UNDECLARED_SELECTOR = YES;
				GCC_WARN_UNINITIALIZED_AUTOS = YES_AGGRESSIVE;
				GCC_WARN_UNUSED_FUNCTION = YES;
				GCC_WARN_UNUSED_VARIABLE = YES;
				LOCALIZATION_PREFERS_STRING_CATALOGS = YES;
				MTL_ENABLE_DEBUG_INFO = INCLUDE_SOURCE;
				MTL_FAST_MATH = YES;
				ONLY_ACTIVE_ARCH = YES;
				SDKROOT = xros;
				SWIFT_ACTIVE_COMPILATION_CONDITIONS = "DEBUG $(inherited)";
				SWIFT_OPTIMIZATION_LEVEL = "-Onone";
				XROS_DEPLOYMENT_TARGET = 2.5;
			};
			name = Debug;
		};
		166DEDE92E2CC46200619019 /* Release */ = {
			isa = XCBuildConfiguration;
			buildSettings = {
				ALWAYS_SEARCH_USER_PATHS = NO;
				ASSETCATALOG_COMPILER_GENERATE_SWIFT_ASSET_SYMBOL_EXTENSIONS = YES;
				CLANG_ANALYZER_NONNULL = YES;
				CLANG_ANALYZER_NUMBER_OBJECT_CONVERSION = YES_AGGRESSIVE;
				CLANG_CXX_LANGUAGE_STANDARD = "gnu++20";
				CLANG_ENABLE_MODULES = YES;
				CLANG_ENABLE_OBJC_ARC = YES;
				CLANG_ENABLE_OBJC_WEAK = YES;
				CLANG_WARN_BLOCK_CAPTURE_AUTORELEASING = YES;
				CLANG_WARN_BOOL_CONVERSION = YES;
				CLANG_WARN_COMMA = YES;
				CLANG_WARN_CONSTANT_CONVERSION = YES;
				CLANG_WARN_DEPRECATED_OBJC_IMPLEMENTATIONS = YES;
				CLANG_WARN_DIRECT_OBJC_ISA_USAGE = YES_ERROR;
				CLANG_WARN_DOCUMENTATION_COMMENTS = YES;
				CLANG_WARN_EMPTY_BODY = YES;
				CLANG_WARN_ENUM_CONVERSION = YES;
				CLANG_WARN_INFINITE_RECURSION = YES;
				CLANG_WARN_INT_CONVERSION = YES;
				CLANG_WARN_NON_LITERAL_NULL_CONVERSION = YES;
				CLANG_WARN_OBJC_IMPLICIT_RETAIN_SELF = YES;
				CLANG_WARN_OBJC_LITERAL_CONVERSION = YES;
				CLANG_WARN_OBJC_ROOT_CLASS = YES_ERROR;
				CLANG_WARN_QUOTED_INCLUDE_IN_FRAMEWORK_HEADER = YES;
				CLANG_WARN_RANGE_LOOP_ANALYSIS = YES;
				CLANG_WARN_STRICT_PROTOTYPES = YES;
				CLANG_WARN_SUSPICIOUS_MOVE = YES;
				CLANG_WARN_UNGUARDED_AVAILABILITY = YES_AGGRESSIVE;
				CLANG_WARN_UNREACHABLE_CODE = YES;
				CLANG_WARN__DUPLICATE_METHOD_MATCH = YES;
				COPY_PHASE_STRIP = NO;
				DEBUG_INFORMATION_FORMAT = "dwarf-with-dsym";
				DEVELOPMENT_TEAM = WMJFN63S5Y;
				ENABLE_NS_ASSERTIONS = NO;
				ENABLE_STRICT_OBJC_MSGSEND = YES;
				ENABLE_USER_SCRIPT_SANDBOXING = YES;
				GCC_C_LANGUAGE_STANDARD = gnu17;
				GCC_NO_COMMON_BLOCKS = YES;
				GCC_WARN_64_TO_32_BIT_CONVERSION = YES;
				GCC_WARN_ABOUT_RETURN_TYPE = YES_ERROR;
				GCC_WARN_UNDECLARED_SELECTOR = YES;
				GCC_WARN_UNINITIALIZED_AUTOS = YES_AGGRESSIVE;
				GCC_WARN_UNUSED_FUNCTION = YES;
				GCC_WARN_UNUSED_VARIABLE = YES;
				LOCALIZATION_PREFERS_STRING_CATALOGS = YES;
				MTL_ENABLE_DEBUG_INFO = NO;
				MTL_FAST_MATH = YES;
				SDKROOT = xros;
				SWIFT_COMPILATION_MODE = wholemodule;
				VALIDATE_PRODUCT = YES;
				XROS_DEPLOYMENT_TARGET = 2.5;
			};
			name = Release;
		};
		166DEDEB2E2CC46200619019 /* Debug */ = {
			isa = XCBuildConfiguration;
			buildSettings = {
				BUNDLE_LOADER = "$(TEST_HOST)";
				CODE_SIGN_STYLE = Automatic;
				CURRENT_PROJECT_VERSION = 1;
				DEVELOPMENT_TEAM = WMJFN63S5Y;
				GENERATE_INFOPLIST_FILE = YES;
				MARKETING_VERSION = 1.0;
				PRODUCT_BUNDLE_IDENTIFIER = com.kagiyama.myhobbyapp.EtherealJellyfishTests;
				PRODUCT_NAME = "$(TARGET_NAME)";
				SUPPORTED_PLATFORMS = "xros xrsimulator";
				SWIFT_EMIT_LOC_STRINGS = NO;
				SWIFT_VERSION = 5.0;
				TARGETED_DEVICE_FAMILY = 7;
				TEST_HOST = "$(BUILT_PRODUCTS_DIR)/EtherealJellyfish.app/$(BUNDLE_EXECUTABLE_FOLDER_PATH)/EtherealJellyfish";
				XROS_DEPLOYMENT_TARGET = 2.5;
			};
			name = Debug;
		};
		166DEDEC2E2CC46200619019 /* Release */ = {
			isa = XCBuildConfiguration;
			buildSettings = {
				BUNDLE_LOADER = "$(TEST_HOST)";
				CODE_SIGN_STYLE = Automatic;
				CURRENT_PROJECT_VERSION = 1;
				DEVELOPMENT_TEAM = WMJFN63S5Y;
				GENERATE_INFOPLIST_FILE = YES;
				MARKETING_VERSION = 1.0;
				PRODUCT_BUNDLE_IDENTIFIER = com.kagiyama.myhobbyapp.EtherealJellyfishTests;
				PRODUCT_NAME = "$(TARGET_NAME)";
				SUPPORTED_PLATFORMS = "xros xrsimulator";
				SWIFT_EMIT_LOC_STRINGS = NO;
				SWIFT_VERSION = 5.0;
				TARGETED_DEVICE_FAMILY = 7;
				TEST_HOST = "$(BUILT_PRODUCTS_DIR)/EtherealJellyfish.app/$(BUNDLE_EXECUTABLE_FOLDER_PATH)/EtherealJellyfish";
				XROS_DEPLOYMENT_TARGET = 2.5;
			};
			name = Release;
		};
/* End XCBuildConfiguration section */

/* Begin XCConfigurationList section */
		166DEDBD2E2CC46000619019 /* Build configuration list for PBXProject "EtherealJellyfish" */ = {
			isa = XCConfigurationList;
			buildConfigurations = (
				166DEDE82E2CC46200619019 /* Debug */,
				166DEDE92E2CC46200619019 /* Release */,
			);
			defaultConfigurationIsVisible = 0;
			defaultConfigurationName = Release;
		};
		166DEDE52E2CC46200619019 /* Build configuration list for PBXNativeTarget "EtherealJellyfish" */ = {
			isa = XCConfigurationList;
			buildConfigurations = (
				166DEDE62E2CC46200619019 /* Debug */,
				166DEDE72E2CC46200619019 /* Release */,
			);
			defaultConfigurationIsVisible = 0;
			defaultConfigurationName = Release;
		};
		166DEDEA2E2CC46200619019 /* Build configuration list for PBXNativeTarget "EtherealJellyfishTests" */ = {
			isa = XCConfigurationList;
			buildConfigurations = (
				166DEDEB2E2CC46200619019 /* Debug */,
				166DEDEC2E2CC46200619019 /* Release */,
			);
			defaultConfigurationIsVisible = 0;
			defaultConfigurationName = Release;
		};
/* End XCConfigurationList section */

/* Begin XCSwiftPackageProductDependency section */
		166DEDC72E2CC46000619019 /* RealityKitContent */ = {
			isa = XCSwiftPackageProductDependency;
			productName = RealityKitContent;
		};
/* End XCSwiftPackageProductDependency section */
	};
	rootObject = 166DEDBA2E2CC46000619019 /* Project object */;
}
